// !$*UTF8*$!
{
	archiveVersion = 1;
	classes = {
	};
	objectVersion = 50;
	objects = {

/* Begin PBXBuildFile section */
		515D1C0920A94E29000C2776 /* AppDelegate.m in Sources */ = {isa = PBXBuildFile; fileRef = 515D1C0820A94E29000C2776 /* AppDelegate.m */; };
		515D1C0C20A94E29000C2776 /* ViewController.m in Sources */ = {isa = PBXBuildFile; fileRef = 515D1C0B20A94E29000C2776 /* ViewController.m */; };
		515D1C0F20A94E29000C2776 /* Main.storyboard in Resources */ = {isa = PBXBuildFile; fileRef = 515D1C0D20A94E29000C2776 /* Main.storyboard */; };
		515D1C1120A94E2A000C2776 /* Assets.xcassets in Resources */ = {isa = PBXBuildFile; fileRef = 515D1C1020A94E2A000C2776 /* Assets.xcassets */; };
		515D1C1420A94E2A000C2776 /* LaunchScreen.storyboard in Resources */ = {isa = PBXBuildFile; fileRef = 515D1C1220A94E2A000C2776 /* LaunchScreen.storyboard */; };
		515D1C1720A94E2A000C2776 /* main.m in Sources */ = {isa = PBXBuildFile; fileRef = 515D1C1620A94E2A000C2776 /* main.m */; };
		515D1C2720A94EAF000C2776 /* NinaBaseView.m in Sources */ = {isa = PBXBuildFile; fileRef = 515D1C2120A94EAF000C2776 /* NinaBaseView.m */; };
		515D1C2820A94EAF000C2776 /* NinaPagerView.m in Sources */ = {isa = PBXBuildFile; fileRef = 515D1C2320A94EAF000C2776 /* NinaPagerView.m */; };
		515D1C2920A94EAF000C2776 /* UIView+ViewController.m in Sources */ = {isa = PBXBuildFile; fileRef = 515D1C2620A94EAF000C2776 /* UIView+ViewController.m */; };
		515D1C2C20A95146000C2776 /* VC1.m in Sources */ = {isa = PBXBuildFile; fileRef = 515D1C2B20A95146000C2776 /* VC1.m */; };
		515D1C2F20A95151000C2776 /* VC2.m in Sources */ = {isa = PBXBuildFile; fileRef = 515D1C2E20A95151000C2776 /* VC2.m */; };
		515D1C3220A95416000C2776 /* VC3.m in Sources */ = {isa = PBXBuildFile; fileRef = 515D1C3120A95416000C2776 /* VC3.m */; };
/* End PBXBuildFile section */

/* Begin PBXFileReference section */
		515D1C0420A94E29000C2776 /* Page.app */ = {isa = PBXFileReference; explicitFileType = wrapper.application; includeInIndex = 0; path = Page.app; sourceTree = BUILT_PRODUCTS_DIR; };
		515D1C0720A94E29000C2776 /* AppDelegate.h */ = {isa = PBXFileReference; lastKnownFileType = sourcecode.c.h; path = AppDelegate.h; sourceTree = "<group>"; };
		515D1C0820A94E29000C2776 /* AppDelegate.m */ = {isa = PBXFileReference; lastKnownFileType = sourcecode.c.objc; path = AppDelegate.m; sourceTree = "<group>"; };
		515D1C0A20A94E29000C2776 /* ViewController.h */ = {isa = PBXFileReference; lastKnownFileType = sourcecode.c.h; path = ViewController.h; sourceTree = "<group>"; };
		515D1C0B20A94E29000C2776 /* ViewController.m */ = {isa = PBXFileReference; lastKnownFileType = sourcecode.c.objc; path = ViewController.m; sourceTree = "<group>"; };
		515D1C0E20A94E29000C2776 /* Base */ = {isa = PBXFileReference; lastKnownFileType = file.storyboard; name = Base; path = Base.lproj/Main.storyboard; sourceTree = "<group>"; };
		515D1C1020A94E2A000C2776 /* Assets.xcassets */ = {isa = PBXFileReference; lastKnownFileType = folder.assetcatalog; path = Assets.xcassets; sourceTree = "<group>"; };
		515D1C1320A94E2A000C2776 /* Base */ = {isa = PBXFileReference; lastKnownFileType = file.storyboard; name = Base; path = Base.lproj/LaunchScreen.storyboard; sourceTree = "<group>"; };
		515D1C1520A94E2A000C2776 /* Info.plist */ = {isa = PBXFileReference; lastKnownFileType = text.plist.xml; path = Info.plist; sourceTree = "<group>"; };
		515D1C1620A94E2A000C2776 /* main.m */ = {isa = PBXFileReference; lastKnownFileType = sourcecode.c.objc; path = main.m; sourceTree = "<group>"; };
		515D1C2020A94EAF000C2776 /* NinaBaseView.h */ = {isa = PBXFileReference; fileEncoding = 4; lastKnownFileType = sourcecode.c.h; path = NinaBaseView.h; sourceTree = "<group>"; };
		515D1C2120A94EAF000C2776 /* NinaBaseView.m */ = {isa = PBXFileReference; fileEncoding = 4; lastKnownFileType = sourcecode.c.objc; path = NinaBaseView.m; sourceTree = "<group>"; };
		515D1C2220A94EAF000C2776 /* NinaPagerView.h */ = {isa = PBXFileReference; fileEncoding = 4; lastKnownFileType = sourcecode.c.h; path = NinaPagerView.h; sourceTree = "<group>"; };
		515D1C2320A94EAF000C2776 /* NinaPagerView.m */ = {isa = PBXFileReference; fileEncoding = 4; lastKnownFileType = sourcecode.c.objc; path = NinaPagerView.m; sourceTree = "<group>"; };
		515D1C2420A94EAF000C2776 /* UIParameter.h */ = {isa = PBXFileReference; fileEncoding = 4; lastKnownFileType = sourcecode.c.h; path = UIParameter.h; sourceTree = "<group>"; };
		515D1C2520A94EAF000C2776 /* UIView+ViewController.h */ = {isa = PBXFileReference; fileEncoding = 4; lastKnownFileType = sourcecode.c.h; path = "UIView+ViewController.h"; sourceTree = "<group>"; };
		515D1C2620A94EAF000C2776 /* UIView+ViewController.m */ = {isa = PBXFileReference; fileEncoding = 4; lastKnownFileType = sourcecode.c.objc; path = "UIView+ViewController.m"; sourceTree = "<group>"; };
		515D1C2A20A95146000C2776 /* VC1.h */ = {isa = PBXFileReference; lastKnownFileType = sourcecode.c.h; path = VC1.h; sourceTree = "<group>"; };
		515D1C2B20A95146000C2776 /* VC1.m */ = {isa = PBXFileReference; lastKnownFileType = sourcecode.c.objc; path = VC1.m; sourceTree = "<group>"; };
		515D1C2D20A95151000C2776 /* VC2.h */ = {isa = PBXFileReference; lastKnownFileType = sourcecode.c.h; path = VC2.h; sourceTree = "<group>"; };
		515D1C2E20A95151000C2776 /* VC2.m */ = {isa = PBXFileReference; lastKnownFileType = sourcecode.c.objc; path = VC2.m; sourceTree = "<group>"; };
		515D1C3020A95416000C2776 /* VC3.h */ = {isa = PBXFileReference; lastKnownFileType = sourcecode.c.h; path = VC3.h; sourceTree = "<group>"; };
		515D1C3120A95416000C2776 /* VC3.m */ = {isa = PBXFileReference; lastKnownFileType = sourcecode.c.objc; path = VC3.m; sourceTree = "<group>"; };
/* End PBXFileReference section */

/* Begin PBXFrameworksBuildPhase section */
		515D1C0120A94E29000C2776 /* Frameworks */ = {
			isa = PBXFrameworksBuildPhase;
			buildActionMask = 2147483647;
			files = (
			);
			runOnlyForDeploymentPostprocessing = 0;
		};
/* End PBXFrameworksBuildPhase section */

/* Begin PBXGroup section */
		515D1BFB20A94E29000C2776 = {
			isa = PBXGroup;
			children = (
				515D1C0620A94E29000C2776 /* Page */,
				515D1C0520A94E29000C2776 /* Products */,
			);
			sourceTree = "<group>";
		};
		515D1C0520A94E29000C2776 /* Products */ = {
			isa = PBXGroup;
			children = (
				515D1C0420A94E29000C2776 /* Page.app */,
			);
			name = Products;
			sourceTree = "<group>";
		};
		515D1C0620A94E29000C2776 /* Page */ = {
			isa = PBXGroup;
			children = (
				515D1C0720A94E29000C2776 /* AppDelegate.h */,
				515D1C0820A94E29000C2776 /* AppDelegate.m */,
				515D1C0A20A94E29000C2776 /* ViewController.h */,
				515D1C0B20A94E29000C2776 /* ViewController.m */,
				515D1C2A20A95146000C2776 /* VC1.h */,
				515D1C2B20A95146000C2776 /* VC1.m */,
				515D1C2D20A95151000C2776 /* VC2.h */,
				515D1C2E20A95151000C2776 /* VC2.m */,
				515D1C3020A95416000C2776 /* VC3.h */,
				515D1C3120A95416000C2776 /* VC3.m */,
				515D1C1F20A94EAF000C2776 /* NinaPagerView */,
				515D1C0D20A94E29000C2776 /* Main.storyboard */,
				515D1C1020A94E2A000C2776 /* Assets.xcassets */,
				515D1C1220A94E2A000C2776 /* LaunchScreen.storyboard */,
				515D1C1520A94E2A000C2776 /* Info.plist */,
				515D1C1620A94E2A000C2776 /* main.m */,
			);
			path = Page;
			sourceTree = "<group>";
		};
		515D1C1F20A94EAF000C2776 /* NinaPagerView */ = {
			isa = PBXGroup;
			children = (
				515D1C2020A94EAF000C2776 /* NinaBaseView.h */,
				515D1C2120A94EAF000C2776 /* NinaBaseView.m */,
				515D1C2220A94EAF000C2776 /* NinaPagerView.h */,
				515D1C2320A94EAF000C2776 /* NinaPagerView.m */,
				515D1C2420A94EAF000C2776 /* UIParameter.h */,
				515D1C2520A94EAF000C2776 /* UIView+ViewController.h */,
				515D1C2620A94EAF000C2776 /* UIView+ViewController.m */,
			);
			path = NinaPagerView;
			sourceTree = "<group>";
		};
/* End PBXGroup section */

/* Begin PBXNativeTarget section */
		515D1C0320A94E29000C2776 /* Page */ = {
			isa = PBXNativeTarget;
			buildConfigurationList = 515D1C1A20A94E2A000C2776 /* Build configuration list for PBXNativeTarget "Page" */;
			buildPhases = (
				515D1C0020A94E29000C2776 /* Sources */,
				515D1C0120A94E29000C2776 /* Frameworks */,
				515D1C0220A94E29000C2776 /* Resources */,
			);
			buildRules = (
			);
			dependencies = (
			);
			name = Page;
			productName = Page;
			productReference = 515D1C0420A94E29000C2776 /* Page.app */;
			productType = "com.apple.product-type.application";
		};
/* End PBXNativeTarget section */

/* Begin PBXProject section */
		515D1BFC20A94E29000C2776 /* Project object */ = {
			isa = PBXProject;
			attributes = {
				LastUpgradeCheck = 0930;
				ORGANIZATIONNAME = songfeilong;
				TargetAttributes = {
					515D1C0320A94E29000C2776 = {
						CreatedOnToolsVersion = 9.3;
					};
				};
			};
			buildConfigurationList = 515D1BFF20A94E29000C2776 /* Build configuration list for PBXProject "Page" */;
			compatibilityVersion = "Xcode 9.3";
			developmentRegion = en;
			hasScannedForEncodings = 0;
			knownRegions = (
				en,
				Base,
			);
			mainGroup = 515D1BFB20A94E29000C2776;
			productRefGroup = 515D1C0520A94E29000C2776 /* Products */;
			projectDirPath = "";
			projectRoot = "";
			targets = (
				515D1C0320A94E29000C2776 /* Page */,
			);
		};
/* End PBXProject section */

/* Begin PBXResourcesBuildPhase section */
		515D1C0220A94E29000C2776 /* Resources */ = {
			isa = PBXResourcesBuildPhase;
			buildActionMask = 2147483647;
			files = (
				515D1C1420A94E2A000C2776 /* LaunchScreen.storyboard in Resources */,
				515D1C1120A94E2A000C2776 /* Assets.xcassets in Resources */,
				515D1C0F20A94E29000C2776 /* Main.storyboard in Resources */,
			);
			runOnlyForDeploymentPostprocessing = 0;
		};
/* End PBXResourcesBuildPhase section */

/* Begin PBXSourcesBuildPhase section */
		515D1C0020A94E29000C2776 /* Sources */ = {
			isa = PBXSourcesBuildPhase;
			buildActionMask = 2147483647;
			files = (
				515D1C2820A94EAF000C2776 /* NinaPagerView.m in Sources */,
				515D1C0C20A94E29000C2776 /* ViewController.m in Sources */,
				515D1C2720A94EAF000C2776 /* NinaBaseView.m in Sources */,
				515D1C2F20A95151000C2776 /* VC2.m in Sources */,
				515D1C2C20A95146000C2776 /* VC1.m in Sources */,
				515D1C2920A94EAF000C2776 /* UIView+ViewController.m in Sources */,
				515D1C3220A95416000C2776 /* VC3.m in Sources */,
				515D1C1720A94E2A000C2776 /* main.m in Sources */,
				515D1C0920A94E29000C2776 /* AppDelegate.m in Sources */,
			);
			runOnlyForDeploymentPostprocessing = 0;
		};
/* End PBXSourcesBuildPhase section */

/* Begin PBXVariantGroup section */
		515D1C0D20A94E29000C2776 /* Main.storyboard */ = {
			isa = PBXVariantGroup;
			children = (
				515D1C0E20A94E29000C2776 /* Base */,
			);
			name = Main.storyboard;
			sourceTree = "<group>";
		};
		515D1C1220A94E2A000C2776 /* LaunchScreen.storyboard */ = {
			isa = PBXVariantGroup;
			children = (
				515D1C1320A94E2A000C2776 /* Base */,
			);
			name = LaunchScreen.storyboard;
			sourceTree = "<group>";
		};
/* End PBXVariantGroup section */

/* Begin XCBuildConfiguration section */
		515D1C1820A94E2A000C2776 /* Debug */ = {
			isa = XCBuildConfiguration;
			buildSettings = {
				ALWAYS_SEARCH_USER_PATHS = NO;
				CLANG_ANALYZER_NONNULL = YES;
				CLANG_ANALYZER_NUMBER_OBJECT_CONVERSION = YES_AGGRESSIVE;
				CLANG_CXX_LANGUAGE_STANDARD = "gnu++14";
				CLANG_CXX_LIBRARY = "libc++";
				CLANG_ENABLE_MODULES = YES;
				CLANG_ENABLE_OBJC_ARC = YES;
				CLANG_ENABLE_OBJC_WEAK = YES;
				CLANG_WARN_BLOCK_CAPTURE_AUTORELEASING = YES;
				CLANG_WARN_BOOL_CONVERSION = YES;
				CLANG_WARN_COMMA = YES;
				CLANG_WARN_CONSTANT_CONVERSION = YES;
				CLANG_WARN_DEPRECATED_OBJC_IMPLEMENTATIONS = YES;
				CLANG_WARN_DIRECT_OBJC_ISA_USAGE = YES_ERROR;
				CLANG_WARN_DOCUMENTATION_COMMENTS = YES;
				CLANG_WARN_EMPTY_BODY = YES;
				CLANG_WARN_ENUM_CONVERSION = YES;
				CLANG_WARN_INFINITE_RECURSION = YES;
				CLANG_WARN_INT_CONVERSION = YES;
				CLANG_WARN_NON_LITERAL_NULL_CONVERSION = YES;
				CLANG_WARN_OBJC_IMPLICIT_RETAIN_SELF = YES;
				CLANG_WARN_OBJC_LITERAL_CONVERSION = YES;
				CLANG_WARN_OBJC_ROOT_CLASS = YES_ERROR;
				CLANG_WARN_RANGE_LOOP_ANALYSIS = YES;
				CLANG_WARN_STRICT_PROTOTYPES = YES;
				CLANG_WARN_SUSPICIOUS_MOVE = YES;
				CLANG_WARN_UNGUARDED_AVAILABILITY = YES_AGGRESSIVE;
				CLANG_WARN_UNREACHABLE_CODE = YES;
				CLANG_WARN__DUPLICATE_METHOD_MATCH = YES;
				CODE_SIGN_IDENTITY = "iPhone Developer";
				COPY_PHASE_STRIP = NO;
				DEBUG_INFORMATION_FORMAT = dwarf;
				ENABLE_STRICT_OBJC_MSGSEND = YES;
				ENABLE_TESTABILITY = YES;
				GCC_C_LANGUAGE_STANDARD = gnu11;
				GCC_DYNAMIC_NO_PIC = NO;
				GCC_NO_COMMON_BLOCKS = YES;
				GCC_OPTIMIZATION_LEVEL = 0;
				GCC_PREPROCESSOR_DEFINITIONS = (
					"DEBUG=1",
					"$(inherited)",
				);
				GCC_WARN_64_TO_32_BIT_CONVERSION = YES;
				GCC_WARN_ABOUT_RETURN_TYPE = YES_ERROR;
				GCC_WARN_UNDECLARED_SELECTOR = YES;
				GCC_WARN_UNINITIALIZED_AUTOS = YES_AGGRESSIVE;
				GCC_WARN_UNUSED_FUNCTION = YES;
				GCC_WARN_UNUSED_VARIABLE = YES;
				IPHONEOS_DEPLOYMENT_TARGET = 11.3;
				MTL_ENABLE_DEBUG_INFO = YES;
				ONLY_ACTIVE_ARCH = YES;
				SDKROOT = iphoneos;
			};
			name = Debug;
		};
		515D1C1920A94E2A000C2776 /* Release */ = {
			isa = XCBuildConfiguration;
			buildSettings = {
				ALWAYS_SEARCH_USER_PATHS = NO;
				CLANG_ANALYZER_NONNULL = YES;
				CLANG_ANALYZER_NUMBER_OBJECT_CONVERSION = YES_AGGRESSIVE;
				CLANG_CXX_LANGUAGE_STANDARD = "gnu++14";
				CLANG_CXX_LIBRARY = "libc++";
				CLANG_ENABLE_MODULES = YES;
				CLANG_ENABLE_OBJC_ARC = YES;
				CLANG_ENABLE_OBJC_WEAK = YES;
				CLANG_WARN_BLOCK_CAPTURE_AUTORELEASING = YES;
				CLANG_WARN_BOOL_CONVERSION = YES;
				CLANG_WARN_COMMA = YES;
				CLANG_WARN_CONSTANT_CONVERSION = YES;
				CLANG_WARN_DEPRECATED_OBJC_IMPLEMENTATIONS = YES;
				CLANG_WARN_DIRECT_OBJC_ISA_USAGE = YES_ERROR;
				CLANG_WARN_DOCUMENTATION_COMMENTS = YES;
				CLANG_WARN_EMPTY_BODY = YES;
				CLANG_WARN_ENUM_CONVERSION = YES;
				CLANG_WARN_INFINITE_RECURSION = YES;
				CLANG_WARN_INT_CONVERSION = YES;
				CLANG_WARN_NON_LITERAL_NULL_CONVERSION = YES;
				CLANG_WARN_OBJC_IMPLICIT_RETAIN_SELF = YES;
				CLANG_WARN_OBJC_LITERAL_CONVERSION = YES;
				CLANG_WARN_OBJC_ROOT_CLASS = YES_ERROR;
				CLANG_WARN_RANGE_LOOP_ANALYSIS = YES;
				CLANG_WARN_STRICT_PROTOTYPES = YES;
				CLANG_WARN_SUSPICIOUS_MOVE = YES;
				CLANG_WARN_UNGUARDED_AVAILABILITY = YES_AGGRESSIVE;
				CLANG_WARN_UNREACHABLE_CODE = YES;
				CLANG_WARN__DUPLICATE_METHOD_MATCH = YES;
				CODE_SIGN_IDENTITY = "iPhone Developer";
				COPY_PHASE_STRIP = NO;
				DEBUG_INFORMATION_FORMAT = "dwarf-with-dsym";
				ENABLE_NS_ASSERTIONS = NO;
				ENABLE_STRICT_OBJC_MSGSEND = YES;
				GCC_C_LANGUAGE_STANDARD = gnu11;
				GCC_NO_COMMON_BLOCKS = YES;
				GCC_WARN_64_TO_32_BIT_CONVERSION = YES;
				GCC_WARN_ABOUT_RETURN_TYPE = YES_ERROR;
				GCC_WARN_UNDECLARED_SELECTOR = YES;
				GCC_WARN_UNINITIALIZED_AUTOS = YES_AGGRESSIVE;
				GCC_WARN_UNUSED_FUNCTION = YES;
				GCC_WARN_UNUSED_VARIABLE = YES;
				IPHONEOS_DEPLOYMENT_TARGET = 11.3;
				MTL_ENABLE_DEBUG_INFO = NO;
				SDKROOT = iphoneos;
				VALIDATE_PRODUCT = YES;
			};
			name = Release;
		};
		515D1C1B20A94E2A000C2776 /* Debug */ = {
			isa = XCBuildConfiguration;
			buildSettings = {
				ASSETCATALOG_COMPILER_APPICON_NAME = AppIcon;
				CODE_SIGN_STYLE = Automatic;
				DEVELOPMENT_TEAM = MEPD226U84;
				INFOPLIST_FILE = Page/Info.plist;
				IPHONEOS_DEPLOYMENT_TARGET = 9.0;
				LD_RUNPATH_SEARCH_PATHS = (
					"$(inherited)",
					"@executable_path/Frameworks",
				);
				PRODUCT_BUNDLE_IDENTIFIER = com.page.page.Page;
				PRODUCT_NAME = "$(TARGET_NAME)";
				TARGETED_DEVICE_FAMILY = "1,2";
			};
			name = Debug;
		};
		515D1C1C20A94E2A000C2776 /* Release */ = {
			isa = XCBuildConfiguration;
			buildSettings = {
				ASSETCATALOG_COMPILER_APPICON_NAME = AppIcon;
				CODE_SIGN_STYLE = Automatic;
				DEVELOPMENT_TEAM = MEPD226U84;
				INFOPLIST_FILE = Page/Info.plist;
				IPHONEOS_DEPLOYMENT_TARGET = 9.0;
				LD_RUNPATH_SEARCH_PATHS = (
					"$(inherited)",
					"@executable_path/Frameworks",
				);
				PRODUCT_BUNDLE_IDENTIFIER = com.page.page.Page;
				PRODUCT_NAME = "$(TARGET_NAME)";
				TARGETED_DEVICE_FAMILY = "1,2";
			};
			name = Release;
		};
/* End XCBuildConfiguration section */

/* Begin XCConfigurationList section */
		515D1BFF20A94E29000C2776 /* Build configuration list for PBXProject "Page" */ = {
			isa = XCConfigurationList;
			buildConfigurations = (
				515D1C1820A94E2A000C2776 /* Debug */,
				515D1C1920A94E2A000C2776 /* Release */,
			);
			defaultConfigurationIsVisible = 0;
			defaultConfigurationName = Release;
		};
		515D1C1A20A94E2A000C2776 /* Build configuration list for PBXNativeTarget "Page" */ = {
			isa = XCConfigurationList;
			buildConfigurations = (
				515D1C1B20A94E2A000C2776 /* Debug */,
				515D1C1C20A94E2A000C2776 /* Release */,
			);
			defaultConfigurationIsVisible = 0;
			defaultConfigurationName = Release;
		};
/* End XCConfigurationList section */
	};
	rootObject = 515D1BFC20A94E29000C2776 /* Project object */;
}
